// !$*UTF8*$!
{
	archiveVersion = 1;
	classes = {
	};
	objectVersion = 77;
	objects = {

/* Begin PBXContainerItemProxy section */
		80CF9DB62CB3096C00CCFC0B /* PBXContainerItemProxy */ = {
			isa = PBXContainerItemProxy;
			containerPortal = 80CF9D9D2CB3096A00CCFC0B /* Project object */;
			proxyType = 1;
			remoteGlobalIDString = 80CF9DA42CB3096A00CCFC0B;
			remoteInfo = "polCal-v2";
		};
		80CF9DC02CB3096C00CCFC0B /* PBXContainerItemProxy */ = {
			isa = PBXContainerItemProxy;
			containerPortal = 80CF9D9D2CB3096A00CCFC0B /* Project object */;
			proxyType = 1;
			remoteGlobalIDString = 80CF9DA42CB3096A00CCFC0B;
			remoteInfo = "polCal-v2";
		};
/* End PBXContainerItemProxy section */

/* Begin PBXFileReference section */
		80CF9DA52CB3096A00CCFC0B /* polCal-v2.app */ = {isa = PBXFileReference; explicitFileType = wrapper.application; includeInIndex = 0; path = "polCal-v2.app"; sourceTree = BUILT_PRODUCTS_DIR; };
		80CF9DB52CB3096C00CCFC0B /* polCal-v2Tests.xctest */ = {isa = PBXFileReference; explicitFileType = wrapper.cfbundle; includeInIndex = 0; path = "polCal-v2Tests.xctest"; sourceTree = BUILT_PRODUCTS_DIR; };
		80CF9DBF2CB3096C00CCFC0B /* polCal-v2UITests.xctest */ = {isa = PBXFileReference; explicitFileType = wrapper.cfbundle; includeInIndex = 0; path = "polCal-v2UITests.xctest"; sourceTree = BUILT_PRODUCTS_DIR; };
/* End PBXFileReference section */

/* Begin PBXFileSystemSynchronizedRootGroup section */
		80CF9DA72CB3096A00CCFC0B /* polCal-v2 */ = {
			isa = PBXFileSystemSynchronizedRootGroup;
			path = "polCal-v2";
			sourceTree = "<group>";
		};
		80CF9DB82CB3096C00CCFC0B /* polCal-v2Tests */ = {
			isa = PBXFileSystemSynchronizedRootGroup;
			path = "polCal-v2Tests";
			sourceTree = "<group>";
		};
		80CF9DC22CB3096C00CCFC0B /* polCal-v2UITests */ = {
			isa = PBXFileSystemSynchronizedRootGroup;
			path = "polCal-v2UITests";
			sourceTree = "<group>";
		};
/* End PBXFileSystemSynchronizedRootGroup section */

/* Begin PBXFrameworksBuildPhase section */
		80CF9DA22CB3096A00CCFC0B /* Frameworks */ = {
			isa = PBXFrameworksBuildPhase;
			buildActionMask = 2147483647;
			files = (
			);
			runOnlyForDeploymentPostprocessing = 0;
		};
		80CF9DB22CB3096C00CCFC0B /* Frameworks */ = {
			isa = PBXFrameworksBuildPhase;
			buildActionMask = 2147483647;
			files = (
			);
			runOnlyForDeploymentPostprocessing = 0;
		};
		80CF9DBC2CB3096C00CCFC0B /* Frameworks */ = {
			isa = PBXFrameworksBuildPhase;
			buildActionMask = 2147483647;
			files = (
			);
			runOnlyForDeploymentPostprocessing = 0;
		};
/* End PBXFrameworksBuildPhase section */

/* Begin PBXGroup section */
		80CF9D9C2CB3096A00CCFC0B = {
			isa = PBXGroup;
			children = (
				80CF9DA72CB3096A00CCFC0B /* polCal-v2 */,
				80CF9DB82CB3096C00CCFC0B /* polCal-v2Tests */,
				80CF9DC22CB3096C00CCFC0B /* polCal-v2UITests */,
				80CF9DA62CB3096A00CCFC0B /* Products */,
			);
			sourceTree = "<group>";
		};
		80CF9DA62CB3096A00CCFC0B /* Products */ = {
			isa = PBXGroup;
			children = (
				80CF9DA52CB3096A00CCFC0B /* polCal-v2.app */,
				80CF9DB52CB3096C00CCFC0B /* polCal-v2Tests.xctest */,
				80CF9DBF2CB3096C00CCFC0B /* polCal-v2UITests.xctest */,
			);
			name = Products;
			sourceTree = "<group>";
		};
/* End PBXGroup section */

/* Begin PBXNativeTarget section */
		80CF9DA42CB3096A00CCFC0B /* polCal-v2 */ = {
			isa = PBXNativeTarget;
			buildConfigurationList = 80CF9DC92CB3096C00CCFC0B /* Build configuration list for PBXNativeTarget "polCal-v2" */;
			buildPhases = (
				80CF9DA12CB3096A00CCFC0B /* Sources */,
				80CF9DA22CB3096A00CCFC0B /* Frameworks */,
				80CF9DA32CB3096A00CCFC0B /* Resources */,
			);
			buildRules = (
			);
			dependencies = (
			);
			fileSystemSynchronizedGroups = (
				80CF9DA72CB3096A00CCFC0B /* polCal-v2 */,
			);
			name = "polCal-v2";
			packageProductDependencies = (
			);
			productName = "polCal-v2";
			productReference = 80CF9DA52CB3096A00CCFC0B /* polCal-v2.app */;
			productType = "com.apple.product-type.application";
		};
		80CF9DB42CB3096C00CCFC0B /* polCal-v2Tests */ = {
			isa = PBXNativeTarget;
			buildConfigurationList = 80CF9DCC2CB3096C00CCFC0B /* Build configuration list for PBXNativeTarget "polCal-v2Tests" */;
			buildPhases = (
				80CF9DB12CB3096C00CCFC0B /* Sources */,
				80CF9DB22CB3096C00CCFC0B /* Frameworks */,
				80CF9DB32CB3096C00CCFC0B /* Resources */,
			);
			buildRules = (
			);
			dependencies = (
				80CF9DB72CB3096C00CCFC0B /* PBXTargetDependency */,
			);
			fileSystemSynchronizedGroups = (
				80CF9DB82CB3096C00CCFC0B /* polCal-v2Tests */,
			);
			name = "polCal-v2Tests";
			packageProductDependencies = (
			);
			productName = "polCal-v2Tests";
			productReference = 80CF9DB52CB3096C00CCFC0B /* polCal-v2Tests.xctest */;
			productType = "com.apple.product-type.bundle.unit-test";
		};
		80CF9DBE2CB3096C00CCFC0B /* polCal-v2UITests */ = {
			isa = PBXNativeTarget;
			buildConfigurationList = 80CF9DCF2CB3096C00CCFC0B /* Build configuration list for PBXNativeTarget "polCal-v2UITests" */;
			buildPhases = (
				80CF9DBB2CB3096C00CCFC0B /* Sources */,
				80CF9DBC2CB3096C00CCFC0B /* Frameworks */,
				80CF9DBD2CB3096C00CCFC0B /* Resources */,
			);
			buildRules = (
			);
			dependencies = (
				80CF9DC12CB3096C00CCFC0B /* PBXTargetDependency */,
			);
			fileSystemSynchronizedGroups = (
				80CF9DC22CB3096C00CCFC0B /* polCal-v2UITests */,
			);
			name = "polCal-v2UITests";
			packageProductDependencies = (
			);
			productName = "polCal-v2UITests";
			productReference = 80CF9DBF2CB3096C00CCFC0B /* polCal-v2UITests.xctest */;
			productType = "com.apple.product-type.bundle.ui-testing";
		};
/* End PBXNativeTarget section */

/* Begin PBXProject section */
		80CF9D9D2CB3096A00CCFC0B /* Project object */ = {
			isa = PBXProject;
			attributes = {
				BuildIndependentTargetsInParallel = 1;
				LastSwiftUpdateCheck = 1600;
				LastUpgradeCheck = 1600;
				TargetAttributes = {
					80CF9DA42CB3096A00CCFC0B = {
						CreatedOnToolsVersion = 16.0;
					};
					80CF9DB42CB3096C00CCFC0B = {
						CreatedOnToolsVersion = 16.0;
						TestTargetID = 80CF9DA42CB3096A00CCFC0B;
					};
					80CF9DBE2CB3096C00CCFC0B = {
						CreatedOnToolsVersion = 16.0;
						TestTargetID = 80CF9DA42CB3096A00CCFC0B;
					};
				};
			};
			buildConfigurationList = 80CF9DA02CB3096A00CCFC0B /* Build configuration list for PBXProject "polCal-v2" */;
			developmentRegion = en;
			hasScannedForEncodings = 0;
			knownRegions = (
				en,
				Base,
			);
			mainGroup = 80CF9D9C2CB3096A00CCFC0B;
			minimizedProjectReferenceProxies = 1;
			preferredProjectObjectVersion = 77;
			productRefGroup = 80CF9DA62CB3096A00CCFC0B /* Products */;
			projectDirPath = "";
			projectRoot = "";
			targets = (
				80CF9DA42CB3096A00CCFC0B /* polCal-v2 */,
				80CF9DB42CB3096C00CCFC0B /* polCal-v2Tests */,
				80CF9DBE2CB3096C00CCFC0B /* polCal-v2UITests */,
			);
		};
/* End PBXProject section */

/* Begin PBXResourcesBuildPhase section */
		80CF9DA32CB3096A00CCFC0B /* Resources */ = {
			isa = PBXResourcesBuildPhase;
			buildActionMask = 2147483647;
			files = (
			);
			runOnlyForDeploymentPostprocessing = 0;
		};
		80CF9DB32CB3096C00CCFC0B /* Resources */ = {
			isa = PBXResourcesBuildPhase;
			buildActionMask = 2147483647;
			files = (
			);
			runOnlyForDeploymentPostprocessing = 0;
		};
		80CF9DBD2CB3096C00CCFC0B /* Resources */ = {
			isa = PBXResourcesBuildPhase;
			buildActionMask = 2147483647;
			files = (
			);
			runOnlyForDeploymentPostprocessing = 0;
		};
/* End PBXResourcesBuildPhase section */

/* Begin PBXSourcesBuildPhase section */
		80CF9DA12CB3096A00CCFC0B /* Sources */ = {
			isa = PBXSourcesBuildPhase;
			buildActionMask = 2147483647;
			files = (
			);
			runOnlyForDeploymentPostprocessing = 0;
		};
		80CF9DB12CB3096C00CCFC0B /* Sources */ = {
			isa = PBXSourcesBuildPhase;
			buildActionMask = 2147483647;
			files = (
			);
			runOnlyForDeploymentPostprocessing = 0;
		};
		80CF9DBB2CB3096C00CCFC0B /* Sources */ = {
			isa = PBXSourcesBuildPhase;
			buildActionMask = 2147483647;
			files = (
			);
			runOnlyForDeploymentPostprocessing = 0;
		};
/* End PBXSourcesBuildPhase section */

/* Begin PBXTargetDependency section */
		80CF9DB72CB3096C00CCFC0B /* PBXTargetDependency */ = {
			isa = PBXTargetDependency;
			target = 80CF9DA42CB3096A00CCFC0B /* polCal-v2 */;
			targetProxy = 80CF9DB62CB3096C00CCFC0B /* PBXContainerItemProxy */;
		};
		80CF9DC12CB3096C00CCFC0B /* PBXTargetDependency */ = {
			isa = PBXTargetDependency;
			target = 80CF9DA42CB3096A00CCFC0B /* polCal-v2 */;
			targetProxy = 80CF9DC02CB3096C00CCFC0B /* PBXContainerItemProxy */;
		};
/* End PBXTargetDependency section */

/* Begin XCBuildConfiguration section */
		80CF9DC72CB3096C00CCFC0B /* Debug */ = {
			isa = XCBuildConfiguration;
			buildSettings = {
				ALWAYS_SEARCH_USER_PATHS = NO;
				ASSETCATALOG_COMPILER_GENERATE_SWIFT_ASSET_SYMBOL_EXTENSIONS = YES;
				CLANG_ANALYZER_NONNULL = YES;
				CLANG_ANALYZER_NUMBER_OBJECT_CONVERSION = YES_AGGRESSIVE;
				CLANG_CXX_LANGUAGE_STANDARD = "gnu++20";
				CLANG_ENABLE_MODULES = YES;
				CLANG_ENABLE_OBJC_ARC = YES;
				CLANG_ENABLE_OBJC_WEAK = YES;
				CLANG_WARN_BLOCK_CAPTURE_AUTORELEASING = YES;
				CLANG_WARN_BOOL_CONVERSION = YES;
				CLANG_WARN_COMMA = YES;
				CLANG_WARN_CONSTANT_CONVERSION = YES;
				CLANG_WARN_DEPRECATED_OBJC_IMPLEMENTATIONS = YES;
				CLANG_WARN_DIRECT_OBJC_ISA_USAGE = YES_ERROR;
				CLANG_WARN_DOCUMENTATION_COMMENTS = YES;
				CLANG_WARN_EMPTY_BODY = YES;
				CLANG_WARN_ENUM_CONVERSION = YES;
				CLANG_WARN_INFINITE_RECURSION = YES;
				CLANG_WARN_INT_CONVERSION = YES;
				CLANG_WARN_NON_LITERAL_NULL_CONVERSION = YES;
				CLANG_WARN_OBJC_IMPLICIT_RETAIN_SELF = YES;
				CLANG_WARN_OBJC_LITERAL_CONVERSION = YES;
				CLANG_WARN_OBJC_ROOT_CLASS = YES_ERROR;
				CLANG_WARN_QUOTED_INCLUDE_IN_FRAMEWORK_HEADER = YES;
				CLANG_WARN_RANGE_LOOP_ANALYSIS = YES;
				CLANG_WARN_STRICT_PROTOTYPES = YES;
				CLANG_WARN_SUSPICIOUS_MOVE = YES;
				CLANG_WARN_UNGUARDED_AVAILABILITY = YES_AGGRESSIVE;
				CLANG_WARN_UNREACHABLE_CODE = YES;
				CLANG_WARN__DUPLICATE_METHOD_MATCH = YES;
				COPY_PHASE_STRIP = NO;
				DEBUG_INFORMATION_FORMAT = dwarf;
				ENABLE_STRICT_OBJC_MSGSEND = YES;
				ENABLE_TESTABILITY = YES;
				ENABLE_USER_SCRIPT_SANDBOXING = YES;
				GCC_C_LANGUAGE_STANDARD = gnu17;
				GCC_DYNAMIC_NO_PIC = NO;
				GCC_NO_COMMON_BLOCKS = YES;
				GCC_OPTIMIZATION_LEVEL = 0;
				GCC_PREPROCESSOR_DEFINITIONS = (
					"DEBUG=1",
					"$(inherited)",
				);
				GCC_WARN_64_TO_32_BIT_CONVERSION = YES;
				GCC_WARN_ABOUT_RETURN_TYPE = YES_ERROR;
				GCC_WARN_UNDECLARED_SELECTOR = YES;
				GCC_WARN_UNINITIALIZED_AUTOS = YES_AGGRESSIVE;
				GCC_WARN_UNUSED_FUNCTION = YES;
				GCC_WARN_UNUSED_VARIABLE = YES;
				IPHONEOS_DEPLOYMENT_TARGET = 18.0;
				LOCALIZATION_PREFERS_STRING_CATALOGS = YES;
				MTL_ENABLE_DEBUG_INFO = INCLUDE_SOURCE;
				MTL_FAST_MATH = YES;
				ONLY_ACTIVE_ARCH = YES;
				SDKROOT = iphoneos;
				SWIFT_ACTIVE_COMPILATION_CONDITIONS = "DEBUG $(inherited)";
				SWIFT_OPTIMIZATION_LEVEL = "-Onone";
			};
			name = Debug;
		};
		80CF9DC82CB3096C00CCFC0B /* Release */ = {
			isa = XCBuildConfiguration;
			buildSettings = {
				ALWAYS_SEARCH_USER_PATHS = NO;
				ASSETCATALOG_COMPILER_GENERATE_SWIFT_ASSET_SYMBOL_EXTENSIONS = YES;
				CLANG_ANALYZER_NONNULL = YES;
				CLANG_ANALYZER_NUMBER_OBJECT_CONVERSION = YES_AGGRESSIVE;
				CLANG_CXX_LANGUAGE_STANDARD = "gnu++20";
				CLANG_ENABLE_MODULES = YES;
				CLANG_ENABLE_OBJC_ARC = YES;
				CLANG_ENABLE_OBJC_WEAK = YES;
				CLANG_WARN_BLOCK_CAPTURE_AUTORELEASING = YES;
				CLANG_WARN_BOOL_CONVERSION = YES;
				CLANG_WARN_COMMA = YES;
				CLANG_WARN_CONSTANT_CONVERSION = YES;
				CLANG_WARN_DEPRECATED_OBJC_IMPLEMENTATIONS = YES;
				CLANG_WARN_DIRECT_OBJC_ISA_USAGE = YES_ERROR;
				CLANG_WARN_DOCUMENTATION_COMMENTS = YES;
				CLANG_WARN_EMPTY_BODY = YES;
				CLANG_WARN_ENUM_CONVERSION = YES;
				CLANG_WARN_INFINITE_RECURSION = YES;
				CLANG_WARN_INT_CONVERSION = YES;
				CLANG_WARN_NON_LITERAL_NULL_CONVERSION = YES;
				CLANG_WARN_OBJC_IMPLICIT_RETAIN_SELF = YES;
				CLANG_WARN_OBJC_LITERAL_CONVERSION = YES;
				CLANG_WARN_OBJC_ROOT_CLASS = YES_ERROR;
				CLANG_WARN_QUOTED_INCLUDE_IN_FRAMEWORK_HEADER = YES;
				CLANG_WARN_RANGE_LOOP_ANALYSIS = YES;
				CLANG_WARN_STRICT_PROTOTYPES = YES;
				CLANG_WARN_SUSPICIOUS_MOVE = YES;
				CLANG_WARN_UNGUARDED_AVAILABILITY = YES_AGGRESSIVE;
				CLANG_WARN_UNREACHABLE_CODE = YES;
				CLANG_WARN__DUPLICATE_METHOD_MATCH = YES;
				COPY_PHASE_STRIP = NO;
				DEBUG_INFORMATION_FORMAT = "dwarf-with-dsym";
				ENABLE_NS_ASSERTIONS = NO;
				ENABLE_STRICT_OBJC_MSGSEND = YES;
				ENABLE_USER_SCRIPT_SANDBOXING = YES;
				GCC_C_LANGUAGE_STANDARD = gnu17;
				GCC_NO_COMMON_BLOCKS = YES;
				GCC_WARN_64_TO_32_BIT_CONVERSION = YES;
				GCC_WARN_ABOUT_RETURN_TYPE = YES_ERROR;
				GCC_WARN_UNDECLARED_SELECTOR = YES;
				GCC_WARN_UNINITIALIZED_AUTOS = YES_AGGRESSIVE;
				GCC_WARN_UNUSED_FUNCTION = YES;
				GCC_WARN_UNUSED_VARIABLE = YES;
				IPHONEOS_DEPLOYMENT_TARGET = 18.0;
				LOCALIZATION_PREFERS_STRING_CATALOGS = YES;
				MTL_ENABLE_DEBUG_INFO = NO;
				MTL_FAST_MATH = YES;
				SDKROOT = iphoneos;
				SWIFT_COMPILATION_MODE = wholemodule;
				VALIDATE_PRODUCT = YES;
			};
			name = Release;
		};
		80CF9DCA2CB3096C00CCFC0B /* Debug */ = {
			isa = XCBuildConfiguration;
			buildSettings = {
				ASSETCATALOG_COMPILER_APPICON_NAME = AppIcon;
				ASSETCATALOG_COMPILER_GLOBAL_ACCENT_COLOR_NAME = AccentColor;
				CODE_SIGN_STYLE = Automatic;
				CURRENT_PROJECT_VERSION = 1;
				DEVELOPMENT_ASSET_PATHS = "\"polCal-v2/Preview Content\"";
				DEVELOPMENT_TEAM = GN2P2X6S4D;
				ENABLE_PREVIEWS = YES;
				GENERATE_INFOPLIST_FILE = YES;
				INFOPLIST_KEY_UIApplicationSceneManifest_Generation = YES;
				INFOPLIST_KEY_UIApplicationSupportsIndirectInputEvents = YES;
				INFOPLIST_KEY_UILaunchScreen_Generation = YES;
				INFOPLIST_KEY_UISupportedInterfaceOrientations_iPad = "UIInterfaceOrientationPortrait UIInterfaceOrientationPortraitUpsideDown UIInterfaceOrientationLandscapeLeft UIInterfaceOrientationLandscapeRight";
				INFOPLIST_KEY_UISupportedInterfaceOrientations_iPhone = "UIInterfaceOrientationPortrait UIInterfaceOrientationLandscapeLeft UIInterfaceOrientationLandscapeRight";
				LD_RUNPATH_SEARCH_PATHS = (
					"$(inherited)",
					"@executable_path/Frameworks",
				);
				MARKETING_VERSION = 1.0;
				PRODUCT_BUNDLE_IDENTIFIER = "com.Lukas.polCal-v2";
				PRODUCT_NAME = "$(TARGET_NAME)";
				SWIFT_EMIT_LOC_STRINGS = YES;
				SWIFT_VERSION = 5.0;
				TARGETED_DEVICE_FAMILY = "1,2";
			};
			name = Debug;
		};
		80CF9DCB2CB3096C00CCFC0B /* Release */ = {
			isa = XCBuildConfiguration;
			buildSettings = {
				ASSETCATALOG_COMPILER_APPICON_NAME = AppIcon;
				ASSETCATALOG_COMPILER_GLOBAL_ACCENT_COLOR_NAME = AccentColor;
				CODE_SIGN_STYLE = Automatic;
				CURRENT_PROJECT_VERSION = 1;
				DEVELOPMENT_ASSET_PATHS = "\"polCal-v2/Preview Content\"";
				DEVELOPMENT_TEAM = GN2P2X6S4D;
				ENABLE_PREVIEWS = YES;
				GENERATE_INFOPLIST_FILE = YES;
				INFOPLIST_KEY_UIApplicationSceneManifest_Generation = YES;
				INFOPLIST_KEY_UIApplicationSupportsIndirectInputEvents = YES;
				INFOPLIST_KEY_UILaunchScreen_Generation = YES;
				INFOPLIST_KEY_UISupportedInterfaceOrientations_iPad = "UIInterfaceOrientationPortrait UIInterfaceOrientationPortraitUpsideDown UIInterfaceOrientationLandscapeLeft UIInterfaceOrientationLandscapeRight";
				INFOPLIST_KEY_UISupportedInterfaceOrientations_iPhone = "UIInterfaceOrientationPortrait UIInterfaceOrientationLandscapeLeft UIInterfaceOrientationLandscapeRight";
				LD_RUNPATH_SEARCH_PATHS = (
					"$(inherited)",
					"@executable_path/Frameworks",
				);
				MARKETING_VERSION = 1.0;
				PRODUCT_BUNDLE_IDENTIFIER = "com.Lukas.polCal-v2";
				PRODUCT_NAME = "$(TARGET_NAME)";
				SWIFT_EMIT_LOC_STRINGS = YES;
				SWIFT_VERSION = 5.0;
				TARGETED_DEVICE_FAMILY = "1,2";
			};
			name = Release;
		};
		80CF9DCD2CB3096C00CCFC0B /* Debug */ = {
			isa = XCBuildConfiguration;
			buildSettings = {
				BUNDLE_LOADER = "$(TEST_HOST)";
				CODE_SIGN_STYLE = Automatic;
				CURRENT_PROJECT_VERSION = 1;
				DEVELOPMENT_TEAM = GN2P2X6S4D;
				GENERATE_INFOPLIST_FILE = YES;
				IPHONEOS_DEPLOYMENT_TARGET = 18.0;
				MARKETING_VERSION = 1.0;
				PRODUCT_BUNDLE_IDENTIFIER = "com.Lukas.polCal-v2Tests";
				PRODUCT_NAME = "$(TARGET_NAME)";
				SWIFT_EMIT_LOC_STRINGS = NO;
				SWIFT_VERSION = 5.0;
				TARGETED_DEVICE_FAMILY = "1,2";
				TEST_HOST = "$(BUILT_PRODUCTS_DIR)/polCal-v2.app/$(BUNDLE_EXECUTABLE_FOLDER_PATH)/polCal-v2";
			};
			name = Debug;
		};
		80CF9DCE2CB3096C00CCFC0B /* Release */ = {
			isa = XCBuildConfiguration;
			buildSettings = {
				BUNDLE_LOADER = "$(TEST_HOST)";
				CODE_SIGN_STYLE = Automatic;
				CURRENT_PROJECT_VERSION = 1;
				DEVELOPMENT_TEAM = GN2P2X6S4D;
				GENERATE_INFOPLIST_FILE = YES;
				IPHONEOS_DEPLOYMENT_TARGET = 18.0;
				MARKETING_VERSION = 1.0;
				PRODUCT_BUNDLE_IDENTIFIER = "com.Lukas.polCal-v2Tests";
				PRODUCT_NAME = "$(TARGET_NAME)";
				SWIFT_EMIT_LOC_STRINGS = NO;
				SWIFT_VERSION = 5.0;
				TARGETED_DEVICE_FAMILY = "1,2";
				TEST_HOST = "$(BUILT_PRODUCTS_DIR)/polCal-v2.app/$(BUNDLE_EXECUTABLE_FOLDER_PATH)/polCal-v2";
			};
			name = Release;
		};
		80CF9DD02CB3096C00CCFC0B /* Debug */ = {
			isa = XCBuildConfiguration;
			buildSettings = {
				CODE_SIGN_STYLE = Automatic;
				CURRENT_PROJECT_VERSION = 1;
				DEVELOPMENT_TEAM = GN2P2X6S4D;
				GENERATE_INFOPLIST_FILE = YES;
				MARKETING_VERSION = 1.0;
				PRODUCT_BUNDLE_IDENTIFIER = "com.Lukas.polCal-v2UITests";
				PRODUCT_NAME = "$(TARGET_NAME)";
				SWIFT_EMIT_LOC_STRINGS = NO;
				SWIFT_VERSION = 5.0;
				TARGETED_DEVICE_FAMILY = "1,2";
				TEST_TARGET_NAME = "polCal-v2";
			};
			name = Debug;
		};
		80CF9DD12CB3096C00CCFC0B /* Release */ = {
			isa = XCBuildConfiguration;
			buildSettings = {
				CODE_SIGN_STYLE = Automatic;
				CURRENT_PROJECT_VERSION = 1;
				DEVELOPMENT_TEAM = GN2P2X6S4D;
				GENERATE_INFOPLIST_FILE = YES;
				MARKETING_VERSION = 1.0;
				PRODUCT_BUNDLE_IDENTIFIER = "com.Lukas.polCal-v2UITests";
				PRODUCT_NAME = "$(TARGET_NAME)";
				SWIFT_EMIT_LOC_STRINGS = NO;
				SWIFT_VERSION = 5.0;
				TARGETED_DEVICE_FAMILY = "1,2";
				TEST_TARGET_NAME = "polCal-v2";
			};
			name = Release;
		};
/* End XCBuildConfiguration section */

/* Begin XCConfigurationList section */
		80CF9DA02CB3096A00CCFC0B /* Build configuration list for PBXProject "polCal-v2" */ = {
			isa = XCConfigurationList;
			buildConfigurations = (
				80CF9DC72CB3096C00CCFC0B /* Debug */,
				80CF9DC82CB3096C00CCFC0B /* Release */,
			);
			defaultConfigurationIsVisible = 0;
			defaultConfigurationName = Release;
		};
		80CF9DC92CB3096C00CCFC0B /* Build configuration list for PBXNativeTarget "polCal-v2" */ = {
			isa = XCConfigurationList;
			buildConfigurations = (
				80CF9DCA2CB3096C00CCFC0B /* Debug */,
				80CF9DCB2CB3096C00CCFC0B /* Release */,
			);
			defaultConfigurationIsVisible = 0;
			defaultConfigurationName = Release;
		};
		80CF9DCC2CB3096C00CCFC0B /* Build configuration list for PBXNativeTarget "polCal-v2Tests" */ = {
			isa = XCConfigurationList;
			buildConfigurations = (
				80CF9DCD2CB3096C00CCFC0B /* Debug */,
				80CF9DCE2CB3096C00CCFC0B /* Release */,
			);
			defaultConfigurationIsVisible = 0;
			defaultConfigurationName = Release;
		};
		80CF9DCF2CB3096C00CCFC0B /* Build configuration list for PBXNativeTarget "polCal-v2UITests" */ = {
			isa = XCConfigurationList;
			buildConfigurations = (
				80CF9DD02CB3096C00CCFC0B /* Debug */,
				80CF9DD12CB3096C00CCFC0B /* Release */,
			);
			defaultConfigurationIsVisible = 0;
			defaultConfigurationName = Release;
		};
/* End XCConfigurationList section */
	};
	rootObject = 80CF9D9D2CB3096A00CCFC0B /* Project object */;
}
